// !$*UTF8*$!
{
	archiveVersion = 1;
	classes = {
	};
	objectVersion = 48;
	objects = {

/* Begin PBXBuildFile section */
		FC84B6671EF832C900C1864E /* AppDelegate.swift in Sources */ = {isa = PBXBuildFile; fileRef = FC84B6661EF832C900C1864E /* AppDelegate.swift */; };
		FC84B6691EF832C900C1864E /* ViewController.swift in Sources */ = {isa = PBXBuildFile; fileRef = FC84B6681EF832C900C1864E /* ViewController.swift */; };
		FC84B66C1EF832C900C1864E /* Main.storyboard in Resources */ = {isa = PBXBuildFile; fileRef = FC84B66A1EF832C900C1864E /* Main.storyboard */; };
		FC84B66E1EF832C900C1864E /* Assets.xcassets in Resources */ = {isa = PBXBuildFile; fileRef = FC84B66D1EF832C900C1864E /* Assets.xcassets */; };
		FC84B6711EF832C900C1864E /* LaunchScreen.storyboard in Resources */ = {isa = PBXBuildFile; fileRef = FC84B66F1EF832C900C1864E /* LaunchScreen.storyboard */; };
		FC84B67F1EF832FB00C1864E /* KeyboardViewController.swift in Sources */ = {isa = PBXBuildFile; fileRef = FC84B67E1EF832FB00C1864E /* KeyboardViewController.swift */; };
		FC84B6831EF832FB00C1864E /* myKeyboard.appex in Embed App Extensions */ = {isa = PBXBuildFile; fileRef = FC84B67C1EF832FB00C1864E /* myKeyboard.appex */; settings = {ATTRIBUTES = (RemoveHeadersOnCopy, ); }; };
		FC84B6891EF8357A00C1864E /* heart.png in Resources */ = {isa = PBXBuildFile; fileRef = FC84B6881EF8357A00C1864E /* heart.png */; };
		FC84B68A1EF8357A00C1864E /* heart.png in Resources */ = {isa = PBXBuildFile; fileRef = FC84B6881EF8357A00C1864E /* heart.png */; };
/* End PBXBuildFile section */

/* Begin PBXContainerItemProxy section */
		FC84B6811EF832FB00C1864E /* PBXContainerItemProxy */ = {
			isa = PBXContainerItemProxy;
			containerPortal = FC84B65B1EF832C900C1864E /* Project object */;
			proxyType = 1;
			remoteGlobalIDString = FC84B67B1EF832FB00C1864E;
			remoteInfo = myKeyboard;
		};
/* End PBXContainerItemProxy section */

/* Begin PBXCopyFilesBuildPhase section */
		FC84B6871EF832FB00C1864E /* Embed App Extensions */ = {
			isa = PBXCopyFilesBuildPhase;
			buildActionMask = 2147483647;
			dstPath = "";
			dstSubfolderSpec = 13;
			files = (
				FC84B6831EF832FB00C1864E /* myKeyboard.appex in Embed App Extensions */,
			);
			name = "Embed App Extensions";
			runOnlyForDeploymentPostprocessing = 0;
		};
/* End PBXCopyFilesBuildPhase section */

/* Begin PBXFileReference section */
		FC84B6631EF832C900C1864E /* Customized Key.app */ = {isa = PBXFileReference; explicitFileType = wrapper.application; includeInIndex = 0; path = "Customized Key.app"; sourceTree = BUILT_PRODUCTS_DIR; };
		FC84B6661EF832C900C1864E /* AppDelegate.swift */ = {isa = PBXFileReference; lastKnownFileType = sourcecode.swift; path = AppDelegate.swift; sourceTree = "<group>"; };
		FC84B6681EF832C900C1864E /* ViewController.swift */ = {isa = PBXFileReference; lastKnownFileType = sourcecode.swift; path = ViewController.swift; sourceTree = "<group>"; };
		FC84B66B1EF832C900C1864E /* Base */ = {isa = PBXFileReference; lastKnownFileType = file.storyboard; name = Base; path = Base.lproj/Main.storyboard; sourceTree = "<group>"; };
		FC84B66D1EF832C900C1864E /* Assets.xcassets */ = {isa = PBXFileReference; lastKnownFileType = folder.assetcatalog; path = Assets.xcassets; sourceTree = "<group>"; };
		FC84B6701EF832C900C1864E /* Base */ = {isa = PBXFileReference; lastKnownFileType = file.storyboard; name = Base; path = Base.lproj/LaunchScreen.storyboard; sourceTree = "<group>"; };
		FC84B6721EF832C900C1864E /* Info.plist */ = {isa = PBXFileReference; lastKnownFileType = text.plist.xml; path = Info.plist; sourceTree = "<group>"; };
		FC84B67C1EF832FB00C1864E /* myKeyboard.appex */ = {isa = PBXFileReference; explicitFileType = "wrapper.app-extension"; includeInIndex = 0; path = myKeyboard.appex; sourceTree = BUILT_PRODUCTS_DIR; };
		FC84B67E1EF832FB00C1864E /* KeyboardViewController.swift */ = {isa = PBXFileReference; lastKnownFileType = sourcecode.swift; path = KeyboardViewController.swift; sourceTree = "<group>"; };
		FC84B6801EF832FB00C1864E /* Info.plist */ = {isa = PBXFileReference; lastKnownFileType = text.plist.xml; path = Info.plist; sourceTree = "<group>"; };
		FC84B6881EF8357A00C1864E /* heart.png */ = {isa = PBXFileReference; lastKnownFileType = image.png; name = heart.png; path = ../../heart.png; sourceTree = "<group>"; };
/* End PBXFileReference section */

/* Begin PBXFrameworksBuildPhase section */
		FC84B6601EF832C900C1864E /* Frameworks */ = {
			isa = PBXFrameworksBuildPhase;
			buildActionMask = 2147483647;
			files = (
			);
			runOnlyForDeploymentPostprocessing = 0;
		};
		FC84B6791EF832FB00C1864E /* Frameworks */ = {
			isa = PBXFrameworksBuildPhase;
			buildActionMask = 2147483647;
			files = (
			);
			runOnlyForDeploymentPostprocessing = 0;
		};
/* End PBXFrameworksBuildPhase section */

/* Begin PBXGroup section */
		FC84B65A1EF832C900C1864E = {
			isa = PBXGroup;
			children = (
				FC84B6651EF832C900C1864E /* Customized Key */,
				FC84B67D1EF832FB00C1864E /* myKeyboard */,
				FC84B6641EF832C900C1864E /* Products */,
			);
			sourceTree = "<group>";
		};
		FC84B6641EF832C900C1864E /* Products */ = {
			isa = PBXGroup;
			children = (
				FC84B6631EF832C900C1864E /* Customized Key.app */,
				FC84B67C1EF832FB00C1864E /* myKeyboard.appex */,
			);
			name = Products;
			sourceTree = "<group>";
		};
		FC84B6651EF832C900C1864E /* Customized Key */ = {
			isa = PBXGroup;
			children = (
				FC84B6881EF8357A00C1864E /* heart.png */,
				FC84B6661EF832C900C1864E /* AppDelegate.swift */,
				FC84B6681EF832C900C1864E /* ViewController.swift */,
				FC84B66A1EF832C900C1864E /* Main.storyboard */,
				FC84B66D1EF832C900C1864E /* Assets.xcassets */,
				FC84B66F1EF832C900C1864E /* LaunchScreen.storyboard */,
				FC84B6721EF832C900C1864E /* Info.plist */,
			);
			path = "Customized Key";
			sourceTree = "<group>";
		};
		FC84B67D1EF832FB00C1864E /* myKeyboard */ = {
			isa = PBXGroup;
			children = (
				FC84B67E1EF832FB00C1864E /* KeyboardViewController.swift */,
				FC84B6801EF832FB00C1864E /* Info.plist */,
			);
			path = myKeyboard;
			sourceTree = "<group>";
		};
/* End PBXGroup section */

/* Begin PBXNativeTarget section */
		FC84B6621EF832C900C1864E /* Customized Key */ = {
			isa = PBXNativeTarget;
			buildConfigurationList = FC84B6751EF832C900C1864E /* Build configuration list for PBXNativeTarget "Customized Key" */;
			buildPhases = (
				FC84B65F1EF832C900C1864E /* Sources */,
				FC84B6601EF832C900C1864E /* Frameworks */,
				FC84B6611EF832C900C1864E /* Resources */,
				FC84B6871EF832FB00C1864E /* Embed App Extensions */,
			);
			buildRules = (
			);
			dependencies = (
				FC84B6821EF832FB00C1864E /* PBXTargetDependency */,
			);
			name = "Customized Key";
			productName = "Customized Key";
			productReference = FC84B6631EF832C900C1864E /* Customized Key.app */;
			productType = "com.apple.product-type.application";
		};
		FC84B67B1EF832FB00C1864E /* myKeyboard */ = {
			isa = PBXNativeTarget;
			buildConfigurationList = FC84B6841EF832FB00C1864E /* Build configuration list for PBXNativeTarget "myKeyboard" */;
			buildPhases = (
				FC84B6781EF832FB00C1864E /* Sources */,
				FC84B6791EF832FB00C1864E /* Frameworks */,
				FC84B67A1EF832FB00C1864E /* Resources */,
			);
			buildRules = (
			);
			dependencies = (
			);
			name = myKeyboard;
			productName = myKeyboard;
			productReference = FC84B67C1EF832FB00C1864E /* myKeyboard.appex */;
			productType = "com.apple.product-type.app-extension";
		};
/* End PBXNativeTarget section */

/* Begin PBXProject section */
		FC84B65B1EF832C900C1864E /* Project object */ = {
			isa = PBXProject;
			attributes = {
				LastSwiftUpdateCheck = 0900;
				LastUpgradeCheck = 0900;
				ORGANIZATIONNAME = "Atil Samancioglu";
				TargetAttributes = {
					FC84B6621EF832C900C1864E = {
						CreatedOnToolsVersion = 9.0;
					};
					FC84B67B1EF832FB00C1864E = {
						CreatedOnToolsVersion = 9.0;
					};
				};
			};
			buildConfigurationList = FC84B65E1EF832C900C1864E /* Build configuration list for PBXProject "Customized Key" */;
			compatibilityVersion = "Xcode 8.0";
			developmentRegion = en;
			hasScannedForEncodings = 0;
			knownRegions = (
				en,
				Base,
			);
			mainGroup = FC84B65A1EF832C900C1864E;
			productRefGroup = FC84B6641EF832C900C1864E /* Products */;
			projectDirPath = "";
			projectRoot = "";
			targets = (
				FC84B6621EF832C900C1864E /* Customized Key */,
				FC84B67B1EF832FB00C1864E /* myKeyboard */,
			);
		};
/* End PBXProject section */

/* Begin PBXResourcesBuildPhase section */
		FC84B6611EF832C900C1864E /* Resources */ = {
			isa = PBXResourcesBuildPhase;
			buildActionMask = 2147483647;
			files = (
				FC84B6891EF8357A00C1864E /* heart.png in Resources */,
				FC84B6711EF832C900C1864E /* LaunchScreen.storyboard in Resources */,
				FC84B66E1EF832C900C1864E /* Assets.xcassets in Resources */,
				FC84B66C1EF832C900C1864E /* Main.storyboard in Resources */,
			);
			runOnlyForDeploymentPostprocessing = 0;
		};
		FC84B67A1EF832FB00C1864E /* Resources */ = {
			isa = PBXResourcesBuildPhase;
			buildActionMask = 2147483647;
			files = (
				FC84B68A1EF8357A00C1864E /* heart.png in Resources */,
			);
			runOnlyForDeploymentPostprocessing = 0;
		};
/* End PBXResourcesBuildPhase section */

/* Begin PBXSourcesBuildPhase section */
		FC84B65F1EF832C900C1864E /* Sources */ = {
			isa = PBXSourcesBuildPhase;
			buildActionMask = 2147483647;
			files = (
				FC84B6691EF832C900C1864E /* ViewController.swift in Sources */,
				FC84B6671EF832C900C1864E /* AppDelegate.swift in Sources */,
			);
			runOnlyForDeploymentPostprocessing = 0;
		};
		FC84B6781EF832FB00C1864E /* Sources */ = {
			isa = PBXSourcesBuildPhase;
			buildActionMask = 2147483647;
			files = (
				FC84B67F1EF832FB00C1864E /* KeyboardViewController.swift in Sources */,
			);
			runOnlyForDeploymentPostprocessing = 0;
		};
/* End PBXSourcesBuildPhase section */

/* Begin PBXTargetDependency section */
		FC84B6821EF832FB00C1864E /* PBXTargetDependency */ = {
			isa = PBXTargetDependency;
			target = FC84B67B1EF832FB00C1864E /* myKeyboard */;
			targetProxy = FC84B6811EF832FB00C1864E /* PBXContainerItemProxy */;
		};
/* End PBXTargetDependency section */

/* Begin PBXVariantGroup section */
		FC84B66A1EF832C900C1864E /* Main.storyboard */ = {
			isa = PBXVariantGroup;
			children = (
				FC84B66B1EF832C900C1864E /* Base */,
			);
			name = Main.storyboard;
			sourceTree = "<group>";
		};
		FC84B66F1EF832C900C1864E /* LaunchScreen.storyboard */ = {
			isa = PBXVariantGroup;
			children = (
				FC84B6701EF832C900C1864E /* Base */,
			);
			name = LaunchScreen.storyboard;
			sourceTree = "<group>";
		};
/* End PBXVariantGroup section */

/* Begin XCBuildConfiguration section */
		FC84B6731EF832C900C1864E /* Debug */ = {
			isa = XCBuildConfiguration;
			buildSettings = {
				ALWAYS_SEARCH_USER_PATHS = NO;
				CLANG_ANALYZER_NONNULL = YES;
				CLANG_ANALYZER_NUMBER_OBJECT_CONVERSION = YES_AGGRESSIVE;
				CLANG_CXX_LANGUAGE_STANDARD = "gnu++14";
				CLANG_CXX_LIBRARY = "libc++";
				CLANG_ENABLE_MODULES = YES;
				CLANG_ENABLE_OBJC_ARC = YES;
				CLANG_WARN_BLOCK_CAPTURE_AUTORELEASING = YES;
				CLANG_WARN_BOOL_CONVERSION = YES;
				CLANG_WARN_COMMA = YES;
				CLANG_WARN_CONSTANT_CONVERSION = YES;
				CLANG_WARN_DIRECT_OBJC_ISA_USAGE = YES_ERROR;
				CLANG_WARN_DOCUMENTATION_COMMENTS = YES;
				CLANG_WARN_EMPTY_BODY = YES;
				CLANG_WARN_ENUM_CONVERSION = YES;
				CLANG_WARN_INFINITE_RECURSION = YES;
				CLANG_WARN_INT_CONVERSION = YES;
				CLANG_WARN_OBJC_ROOT_CLASS = YES_ERROR;
				CLANG_WARN_RANGE_LOOP_ANALYSIS = YES;
				CLANG_WARN_STRICT_PROTOTYPES = YES;
				CLANG_WARN_SUSPICIOUS_MOVE = YES;
				CLANG_WARN_UNGUARDED_AVAILABILITY = YES_AGGRESSIVE;
				CLANG_WARN_UNREACHABLE_CODE = YES;
				CLANG_WARN__DUPLICATE_METHOD_MATCH = YES;
				CODE_SIGN_IDENTITY = "iPhone Developer";
				COPY_PHASE_STRIP = NO;
				DEBUG_INFORMATION_FORMAT = dwarf;
				ENABLE_STRICT_OBJC_MSGSEND = YES;
				ENABLE_TESTABILITY = YES;
				GCC_C_LANGUAGE_STANDARD = gnu11;
				GCC_DYNAMIC_NO_PIC = NO;
				GCC_NO_COMMON_BLOCKS = YES;
				GCC_OPTIMIZATION_LEVEL = 0;
				GCC_PREPROCESSOR_DEFINITIONS = (
					"DEBUG=1",
					"$(inherited)",
				);
				GCC_WARN_64_TO_32_BIT_CONVERSION = YES;
				GCC_WARN_ABOUT_RETURN_TYPE = YES_ERROR;
				GCC_WARN_UNDECLARED_SELECTOR = YES;
				GCC_WARN_UNINITIALIZED_AUTOS = YES_AGGRESSIVE;
				GCC_WARN_UNUSED_FUNCTION = YES;
				GCC_WARN_UNUSED_VARIABLE = YES;
				IPHONEOS_DEPLOYMENT_TARGET = 11.0;
				MTL_ENABLE_DEBUG_INFO = YES;
				ONLY_ACTIVE_ARCH = YES;
				SDKROOT = iphoneos;
				SWIFT_ACTIVE_COMPILATION_CONDITIONS = DEBUG;
				SWIFT_OPTIMIZATION_LEVEL = "-Onone";
			};
			name = Debug;
		};
		FC84B6741EF832C900C1864E /* Release */ = {
			isa = XCBuildConfiguration;
			buildSettings = {
				ALWAYS_SEARCH_USER_PATHS = NO;
				CLANG_ANALYZER_NONNULL = YES;
				CLANG_ANALYZER_NUMBER_OBJECT_CONVERSION = YES_AGGRESSIVE;
				CLANG_CXX_LANGUAGE_STANDARD = "gnu++14";
				CLANG_CXX_LIBRARY = "libc++";
				CLANG_ENABLE_MODULES = YES;
				CLANG_ENABLE_OBJC_ARC = YES;
				CLANG_WARN_BLOCK_CAPTURE_AUTORELEASING = YES;
				CLANG_WARN_BOOL_CONVERSION = YES;
				CLANG_WARN_COMMA = YES;
				CLANG_WARN_CONSTANT_CONVERSION = YES;
				CLANG_WARN_DIRECT_OBJC_ISA_USAGE = YES_ERROR;
				CLANG_WARN_DOCUMENTATION_COMMENTS = YES;
				CLANG_WARN_EMPTY_BODY = YES;
				CLANG_WARN_ENUM_CONVERSION = YES;
				CLANG_WARN_INFINITE_RECURSION = YES;
				CLANG_WARN_INT_CONVERSION = YES;
				CLANG_WARN_OBJC_ROOT_CLASS = YES_ERROR;
				CLANG_WARN_RANGE_LOOP_ANALYSIS = YES;
				CLANG_WARN_STRICT_PROTOTYPES = YES;
				CLANG_WARN_SUSPICIOUS_MOVE = YES;
				CLANG_WARN_UNGUARDED_AVAILABILITY = YES_AGGRESSIVE;
				CLANG_WARN_UNREACHABLE_CODE = YES;
				CLANG_WARN__DUPLICATE_METHOD_MATCH = YES;
				CODE_SIGN_IDENTITY = "iPhone Developer";
				COPY_PHASE_STRIP = NO;
				DEBUG_INFORMATION_FORMAT = "dwarf-with-dsym";
				ENABLE_NS_ASSERTIONS = NO;
				ENABLE_STRICT_OBJC_MSGSEND = YES;
				GCC_C_LANGUAGE_STANDARD = gnu11;
				GCC_NO_COMMON_BLOCKS = YES;
				GCC_WARN_64_TO_32_BIT_CONVERSION = YES;
				GCC_WARN_ABOUT_RETURN_TYPE = YES_ERROR;
				GCC_WARN_UNDECLARED_SELECTOR = YES;
				GCC_WARN_UNINITIALIZED_AUTOS = YES_AGGRESSIVE;
				GCC_WARN_UNUSED_FUNCTION = YES;
				GCC_WARN_UNUSED_VARIABLE = YES;
				IPHONEOS_DEPLOYMENT_TARGET = 11.0;
				MTL_ENABLE_DEBUG_INFO = NO;
				SDKROOT = iphoneos;
				SWIFT_OPTIMIZATION_LEVEL = "-Owholemodule";
				VALIDATE_PRODUCT = YES;
			};
			name = Release;
		};
		FC84B6761EF832C900C1864E /* Debug */ = {
			isa = XCBuildConfiguration;
			buildSettings = {
				ALWAYS_EMBED_SWIFT_STANDARD_LIBRARIES = YES;
				ASSETCATALOG_COMPILER_APPICON_NAME = AppIcon;
				DEVELOPMENT_TEAM = 7SH627DBA4;
				INFOPLIST_FILE = "Customized Key/Info.plist";
				LD_RUNPATH_SEARCH_PATHS = "$(inherited) @executable_path/Frameworks";
				PRODUCT_BUNDLE_IDENTIFIER = "com.atilsamancioglu.Customized-Key";
				PRODUCT_NAME = "$(TARGET_NAME)";
				SWIFT_VERSION = 4.0;
				TARGETED_DEVICE_FAMILY = "1,2";
			};
			name = Debug;
		};
		FC84B6771EF832C900C1864E /* Release */ = {
			isa = XCBuildConfiguration;
			buildSettings = {
				ALWAYS_EMBED_SWIFT_STANDARD_LIBRARIES = YES;
				ASSETCATALOG_COMPILER_APPICON_NAME = AppIcon;
				DEVELOPMENT_TEAM = 7SH627DBA4;
				INFOPLIST_FILE = "Customized Key/Info.plist";
				LD_RUNPATH_SEARCH_PATHS = "$(inherited) @executable_path/Frameworks";
				PRODUCT_BUNDLE_IDENTIFIER = "com.atilsamancioglu.Customized-Key";
				PRODUCT_NAME = "$(TARGET_NAME)";
				SWIFT_VERSION = 4.0;
				TARGETED_DEVICE_FAMILY = "1,2";
			};
			name = Release;
		};
		FC84B6851EF832FB00C1864E /* Debug */ = {
			isa = XCBuildConfiguration;
			buildSettings = {
				DEVELOPMENT_TEAM = 7SH627DBA4;
				INFOPLIST_FILE = myKeyboard/Info.plist;
				LD_RUNPATH_SEARCH_PATHS = "$(inherited) @executable_path/Frameworks @executable_path/../../Frameworks";
				PRODUCT_BUNDLE_IDENTIFIER = "com.atilsamancioglu.Customized-Key.myKeyboard";
				PRODUCT_NAME = "$(TARGET_NAME)";
				SKIP_INSTALL = YES;
				SWIFT_VERSION = 4.0;
				TARGETED_DEVICE_FAMILY = "1,2";
			};
			name = Debug;
		};
		FC84B6861EF832FB00C1864E /* Release */ = {
			isa = XCBuildConfiguration;
			buildSettings = {
				DEVELOPMENT_TEAM = 7SH627DBA4;
				INFOPLIST_FILE = myKeyboard/Info.plist;
				LD_RUNPATH_SEARCH_PATHS = "$(inherited) @executable_path/Frameworks @executable_path/../../Frameworks";
				PRODUCT_BUNDLE_IDENTIFIER = "com.atilsamancioglu.Customized-Key.myKeyboard";
				PRODUCT_NAME = "$(TARGET_NAME)";
				SKIP_INSTALL = YES;
				SWIFT_VERSION = 4.0;
				TARGETED_DEVICE_FAMILY = "1,2";
			};
			name = Release;
		};
/* End XCBuildConfiguration section */

/* Begin XCConfigurationList section */
		FC84B65E1EF832C900C1864E /* Build configuration list for PBXProject "Customized Key" */ = {
			isa = XCConfigurationList;
			buildConfigurations = (
				FC84B6731EF832C900C1864E /* Debug */,
				FC84B6741EF832C900C1864E /* Release */,
			);
			defaultConfigurationIsVisible = 0;
			defaultConfigurationName = Release;
		};
		FC84B6751EF832C900C1864E /* Build configuration list for PBXNativeTarget "Customized Key" */ = {
			isa = XCConfigurationList;
			buildConfigurations = (
				FC84B6761EF832C900C1864E /* Debug */,
				FC84B6771EF832C900C1864E /* Release */,
			);
			defaultConfigurationIsVisible = 0;
		};
		FC84B6841EF832FB00C1864E /* Build configuration list for PBXNativeTarget "myKeyboard" */ = {
			isa = XCConfigurationList;
			buildConfigurations = (
				FC84B6851EF832FB00C1864E /* Debug */,
				FC84B6861EF832FB00C1864E /* Release */,
			);
			defaultConfigurationIsVisible = 0;
		};
/* End XCConfigurationList section */
	};
	rootObject = FC84B65B1EF832C900C1864E /* Project object */;
}
